
Microsoft Visual Studio Solution File, Format Version 12.00
Project("{FAE04EC0-301F-11D3-BF4B-00C04F79EFBC}") = "TasksAPI", "TasksAPI\TasksAPI.csproj", "{E488FAFC-76FD-490B-B4E0-0592E1DA9EB5}"
EndProject
Global
	GlobalSection(SolutionConfigurationPlatforms) = preSolution
		Debug|Any CPU = Debug|Any CPU
		Release|Any CPU = Release|Any CPU
	EndGlobalSection
	GlobalSection(ProjectConfigurationPlatforms) = postSolution
		{E488FAFC-76FD-490B-B4E0-0592E1DA9EB5}.Debug|Any CPU.ActiveCfg = Debug|Any CPU
		{E488FAFC-76FD-490B-B4E0-0592E1DA9EB5}.Debug|Any CPU.Build.0 = Debug|Any CPU
		{E488FAFC-76FD-490B-B4E0-0592E1DA9EB5}.Release|Any CPU.ActiveCfg = Release|Any CPU
		{E488FAFC-76FD-490B-B4E0-0592E1DA9EB5}.Release|Any CPU.Build.0 = Release|Any CPU
	EndGlobalSection
EndGlobal
